
Microsoft Visual Studio Solution File, Format Version 12.00
# Visual Studio Version 17
VisualStudioVersion = 17.9.34728.123
MinimumVisualStudioVersion = 10.0.40219.1
Project("{FAE04EC0-301F-11D3-BF4B-00C04F79EFBC}") = "ChatAppServer", "..\ChatAppServer\ChatAppServer.csproj", "{FF227D1C-5FAE-4553-BC6F-5553E73F32C0}"
EndProject
Project("{FAE04EC0-301F-11D3-BF4B-00C04F79EFBC}") = "ChatAppClient", "..\ChatAppClient\ChatAppClient.csproj", "{748CB38A-CEBF-428D-BE3C-8AD701E45207}"
EndProject
Global
	GlobalSection(SolutionConfigurationPlatforms) = preSolution
		Debug|Any CPU = Debug|Any CPU
		Release|Any CPU = Release|Any CPU
	EndGlobalSection
	GlobalSection(ProjectConfigurationPlatforms) = postSolution
		{FF227D1C-5FAE-4553-BC6F-5553E73F32C0}.Debug|Any CPU.ActiveCfg = Debug|Any CPU
		{FF227D1C-5FAE-4553-BC6F-5553E73F32C0}.Debug|Any CPU.Build.0 = Debug|Any CPU
		{FF227D1C-5FAE-4553-BC6F-5553E73F32C0}.Release|Any CPU.ActiveCfg = Release|Any CPU
		{FF227D1C-5FAE-4553-BC6F-5553E73F32C0}.Release|Any CPU.Build.0 = Release|Any CPU
		{748CB38A-CEBF-428D-BE3C-8AD701E45207}.Debug|Any CPU.ActiveCfg = Debug|Any CPU
		{748CB38A-CEBF-428D-BE3C-8AD701E45207}.Debug|Any CPU.Build.0 = Debug|Any CPU
		{748CB38A-CEBF-428D-BE3C-8AD701E45207}.Release|Any CPU.ActiveCfg = Release|Any CPU
		{748CB38A-CEBF-428D-BE3C-8AD701E45207}.Release|Any CPU.Build.0 = Release|Any CPU
	EndGlobalSection
	GlobalSection(SolutionProperties) = preSolution
		HideSolutionNode = FALSE
	EndGlobalSection
	GlobalSection(ExtensibilityGlobals) = postSolution
		SolutionGuid = {0D8E7936-0AC4-4ECC-A76D-270CECFB50B7}
	EndGlobalSection
EndGlobal
